
Microsoft Visual Studio Solution File, Format Version 12.00
# Visual Studio Version 17
VisualStudioVersion = 17.13.35825.156 d17.13
MinimumVisualStudioVersion = 10.0.40219.1
Project("{FAE04EC0-301F-11D3-BF4B-00C04F79EFBC}") = "Bai5", "Bai5.csproj", "{ED1FAC54-DF1A-4092-AA85-7F617BA87312}"
EndProject
Global
	GlobalSection(SolutionConfigurationPlatforms) = preSolution
		Debug|Any CPU = Debug|Any CPU
		Release|Any CPU = Release|Any CPU
	EndGlobalSection
	GlobalSection(ProjectConfigurationPlatforms) = postSolution
		{ED1FAC54-DF1A-4092-AA85-7F617BA87312}.Debug|Any CPU.ActiveCfg = Debug|Any CPU
		{ED1FAC54-DF1A-4092-AA85-7F617BA87312}.Debug|Any CPU.Build.0 = Debug|Any CPU
		{ED1FAC54-DF1A-4092-AA85-7F617BA87312}.Release|Any CPU.ActiveCfg = Release|Any CPU
		{ED1FAC54-DF1A-4092-AA85-7F617BA87312}.Release|Any CPU.Build.0 = Release|Any CPU
	EndGlobalSection
	GlobalSection(SolutionProperties) = preSolution
		HideSolutionNode = FALSE
	EndGlobalSection
	GlobalSection(ExtensibilityGlobals) = postSolution
		SolutionGuid = {839FD724-DF1A-4271-8F86-4A1351CC89B6}
	EndGlobalSection
EndGlobal
