
Microsoft Visual Studio Solution File, Format Version 12.00
# Visual Studio Version 17
VisualStudioVersion = 17.11.35208.52
MinimumVisualStudioVersion = 10.0.40219.1
Project("{8BC9CEB8-8B4A-11D0-8D11-00A0C91BC942}") = "Danhsachlienket_a", "Danhsachlienket_a\Danhsachlienket_a.vcxproj", "{B091D3E0-90A4-4B5D-9408-8366F5DFFF9C}"
EndProject
Project("{8BC9CEB8-8B4A-11D0-8D11-00A0C91BC942}") = "Danhsachlienket_b", "Danhsachlienket_b\Danhsachlienket_b.vcxproj", "{1F8960A8-9AED-409E-8234-AAC68190881A}"
EndProject
Project("{8BC9CEB8-8B4A-11D0-8D11-00A0C91BC942}") = "Baitoanthucte_danhsachdon", "Baitoanthucte_danhsachdon\Baitoanthucte_danhsachdon.vcxproj", "{7A4F9B67-0377-4BBF-BCF8-5C6291294008}"
EndProject
Global
	GlobalSection(SolutionConfigurationPlatforms) = preSolution
		Debug|x64 = Debug|x64
		Debug|x86 = Debug|x86
		Release|x64 = Release|x64
		Release|x86 = Release|x86
	EndGlobalSection
	GlobalSection(ProjectConfigurationPlatforms) = postSolution
		{B091D3E0-90A4-4B5D-9408-8366F5DFFF9C}.Debug|x64.ActiveCfg = Debug|x64
		{B091D3E0-90A4-4B5D-9408-8366F5DFFF9C}.Debug|x64.Build.0 = Debug|x64
		{B091D3E0-90A4-4B5D-9408-8366F5DFFF9C}.Debug|x86.ActiveCfg = Debug|Win32
		{B091D3E0-90A4-4B5D-9408-8366F5DFFF9C}.Debug|x86.Build.0 = Debug|Win32
		{B091D3E0-90A4-4B5D-9408-8366F5DFFF9C}.Release|x64.ActiveCfg = Release|x64
		{B091D3E0-90A4-4B5D-9408-8366F5DFFF9C}.Release|x64.Build.0 = Release|x64
		{B091D3E0-90A4-4B5D-9408-8366F5DFFF9C}.Release|x86.ActiveCfg = Release|Win32
		{B091D3E0-90A4-4B5D-9408-8366F5DFFF9C}.Release|x86.Build.0 = Release|Win32
		{1F8960A8-9AED-409E-8234-AAC68190881A}.Debug|x64.ActiveCfg = Debug|x64
		{1F8960A8-9AED-409E-8234-AAC68190881A}.Debug|x64.Build.0 = Debug|x64
		{1F8960A8-9AED-409E-8234-AAC68190881A}.Debug|x86.ActiveCfg = Debug|Win32
		{1F8960A8-9AED-409E-8234-AAC68190881A}.Debug|x86.Build.0 = Debug|Win32
		{1F8960A8-9AED-409E-8234-AAC68190881A}.Release|x64.ActiveCfg = Release|x64
		{1F8960A8-9AED-409E-8234-AAC68190881A}.Release|x64.Build.0 = Release|x64
		{1F8960A8-9AED-409E-8234-AAC68190881A}.Release|x86.ActiveCfg = Release|Win32
		{1F8960A8-9AED-409E-8234-AAC68190881A}.Release|x86.Build.0 = Release|Win32
		{7A4F9B67-0377-4BBF-BCF8-5C6291294008}.Debug|x64.ActiveCfg = Debug|x64
		{7A4F9B67-0377-4BBF-BCF8-5C6291294008}.Debug|x64.Build.0 = Debug|x64
		{7A4F9B67-0377-4BBF-BCF8-5C6291294008}.Debug|x86.ActiveCfg = Debug|Win32
		{7A4F9B67-0377-4BBF-BCF8-5C6291294008}.Debug|x86.Build.0 = Debug|Win32
		{7A4F9B67-0377-4BBF-BCF8-5C6291294008}.Release|x64.ActiveCfg = Release|x64
		{7A4F9B67-0377-4BBF-BCF8-5C6291294008}.Release|x64.Build.0 = Release|x64
		{7A4F9B67-0377-4BBF-BCF8-5C6291294008}.Release|x86.ActiveCfg = Release|Win32
		{7A4F9B67-0377-4BBF-BCF8-5C6291294008}.Release|x86.Build.0 = Release|Win32
	EndGlobalSection
	GlobalSection(SolutionProperties) = preSolution
		HideSolutionNode = FALSE
	EndGlobalSection
	GlobalSection(ExtensibilityGlobals) = postSolution
		SolutionGuid = {1C9C8AD7-7C8D-459D-9426-E869BE5D8148}
	EndGlobalSection
EndGlobal
